
Microsoft Visual Studio Solution File, Format Version 12.00
# Visual Studio Version 17
VisualStudioVersion = 17.8.34525.116
MinimumVisualStudioVersion = 10.0.40219.1
Project("{9A19103F-16F7-4668-BE54-9A1E7A4F7556}") = "Study.Labs.Lab01", "Study.Labs.Lab02\Study.Labs.Lab01.csproj", "{26A3A2C8-47A6-423A-B0FF-67FADA7325F0}"
EndProject
Project("{9A19103F-16F7-4668-BE54-9A1E7A4F7556}") = "Study.Labs.Lab02", "Study.Labs.Lab03\Study.Labs.Lab02.csproj", "{FFF0F9ED-3D7D-4149-B410-01D6E9985EDB}"
EndProject
Project("{9A19103F-16F7-4668-BE54-9A1E7A4F7556}") = "Study.Labs.Lab03", "Study.Labs.Lab04\Study.Labs.Lab03.csproj", "{AF81A3F3-73B0-4F1A-84AF-91D4AF95CC3D}"
EndProject
Project("{9A19103F-16F7-4668-BE54-9A1E7A4F7556}") = "Study.Labs.Lab00", "Study.Labs.Lab01\Study.Labs.Lab00.csproj", "{D980083D-2FFE-47D2-A3A1-E4BA8F7B48BA}"
EndProject
Project("{9A19103F-16F7-4668-BE54-9A1E7A4F7556}") = "Study.Labs.Lab04", "Study.Labs.Lab05\Study.Labs.Lab04.csproj", "{0BB96381-0035-42A6-A74E-7E065C794586}"
EndProject
Project("{2150E333-8FDC-42A3-9474-1A3956D46DE8}") = "Study.Labs.Lab06", "Study.Labs.Lab06", "{62039CD7-57BC-413A-AC2F-920228ACC899}"
EndProject
Project("{9A19103F-16F7-4668-BE54-9A1E7A4F7556}") = "AK-47.Tests", "AK-47.Tests\AK-47.Tests.csproj", "{A3DC36C9-B7C4-4828-A3A3-648324176951}"
EndProject
Project("{9A19103F-16F7-4668-BE54-9A1E7A4F7556}") = "AK_47", "AK_47\AK_47.csproj", "{589FBB17-4FEF-4EB7-B554-3AF56AFE80B9}"
EndProject
Project("{2150E333-8FDC-42A3-9474-1A3956D46DE8}") = "CourseWork", "CourseWork", "{076BB134-8D5E-442E-80EB-BD5EF629D524}"
EndProject
Project("{9A19103F-16F7-4668-BE54-9A1E7A4F7556}") = "LibraryManagement", "LibraryManagement\LibraryManagement.csproj", "{2E67BFB3-8722-4A3A-B9AF-CC3EFDCEEB41}"
EndProject
Project("{9A19103F-16F7-4668-BE54-9A1E7A4F7556}") = "LibraryManagement.Tests", "LibraryManagement.Tests\LibraryManagement.Tests.csproj", "{CEC9B4A9-0FDB-4C1A-B270-E0D4E0C55478}"
EndProject
Project("{9A19103F-16F7-4668-BE54-9A1E7A4F7556}") = "LibraryManagement.UI", "UI\LibraryManagement.UI.csproj", "{41606D00-69E0-41EF-BF7C-6D4C15C4CE51}"
EndProject
Project("{2150E333-8FDC-42A3-9474-1A3956D46DE8}") = "Study.Labs.Lab05", "Study.Labs.Lab05", "{3C601546-1E83-4D21-BD31-E10BC3B8A901}"
EndProject
Project("{9A19103F-16F7-4668-BE54-9A1E7A4F7556}") = "CoffeMachine.Tests", "CoffeMAchine.Tests\CoffeMachine.Tests.csproj", "{F21B9D38-3D00-4470-9B8D-A0C6B790853F}"
EndProject
Project("{9A19103F-16F7-4668-BE54-9A1E7A4F7556}") = "CoffeeMachine", "CoffeeMachine\CoffeeMachine.csproj", "{CE6911B1-0C4E-4CD0-AA9D-8A2046805726}"
EndProject
Project("{2150E333-8FDC-42A3-9474-1A3956D46DE8}") = "Study.Labs.Lab07", "Study.Labs.Lab07", "{70CB6808-958B-481E-A949-889BC58EDAD6}"
EndProject
Project("{FAE04EC0-301F-11D3-BF4B-00C04F79EFBC}") = "SpaceFleetDispatcher.Tests", "SpaceFleetDispatcher.Tests\SpaceFleetDispatcher.Tests.csproj", "{9B68D094-F9E8-40EE-8C61-BBA23680A83A}"
EndProject
Project("{FAE04EC0-301F-11D3-BF4B-00C04F79EFBC}") = "SpaceFleetDispatcher", "SpaceFleetDispatcher\SpaceFleetDispatcher.csproj", "{88B9C6A7-5FDD-4499-8333-51934748C454}"
EndProject
Project("{FAE04EC0-301F-11D3-BF4B-00C04F79EFBC}") = "SpaceFleetDispatcher.Console", "SpaceFleetDispatcher.Console\SpaceFleetDispatcher.Console.csproj", "{EF46E334-9AC1-4DCA-BB21-910032A0B08A}"
EndProject
Global
	GlobalSection(SolutionConfigurationPlatforms) = preSolution
		Debug|Any CPU = Debug|Any CPU
		Release|Any CPU = Release|Any CPU
	EndGlobalSection
	GlobalSection(ProjectConfigurationPlatforms) = postSolution
		{26A3A2C8-47A6-423A-B0FF-67FADA7325F0}.Debug|Any CPU.ActiveCfg = Debug|Any CPU
		{26A3A2C8-47A6-423A-B0FF-67FADA7325F0}.Debug|Any CPU.Build.0 = Debug|Any CPU
		{26A3A2C8-47A6-423A-B0FF-67FADA7325F0}.Release|Any CPU.ActiveCfg = Release|Any CPU
		{26A3A2C8-47A6-423A-B0FF-67FADA7325F0}.Release|Any CPU.Build.0 = Release|Any CPU
		{FFF0F9ED-3D7D-4149-B410-01D6E9985EDB}.Debug|Any CPU.ActiveCfg = Debug|Any CPU
		{FFF0F9ED-3D7D-4149-B410-01D6E9985EDB}.Debug|Any CPU.Build.0 = Debug|Any CPU
		{FFF0F9ED-3D7D-4149-B410-01D6E9985EDB}.Release|Any CPU.ActiveCfg = Release|Any CPU
		{FFF0F9ED-3D7D-4149-B410-01D6E9985EDB}.Release|Any CPU.Build.0 = Release|Any CPU
		{AF81A3F3-73B0-4F1A-84AF-91D4AF95CC3D}.Debug|Any CPU.ActiveCfg = Debug|Any CPU
		{AF81A3F3-73B0-4F1A-84AF-91D4AF95CC3D}.Debug|Any CPU.Build.0 = Debug|Any CPU
		{AF81A3F3-73B0-4F1A-84AF-91D4AF95CC3D}.Release|Any CPU.ActiveCfg = Release|Any CPU
		{AF81A3F3-73B0-4F1A-84AF-91D4AF95CC3D}.Release|Any CPU.Build.0 = Release|Any CPU
		{D980083D-2FFE-47D2-A3A1-E4BA8F7B48BA}.Debug|Any CPU.ActiveCfg = Debug|Any CPU
		{D980083D-2FFE-47D2-A3A1-E4BA8F7B48BA}.Debug|Any CPU.Build.0 = Debug|Any CPU
		{D980083D-2FFE-47D2-A3A1-E4BA8F7B48BA}.Release|Any CPU.ActiveCfg = Release|Any CPU
		{D980083D-2FFE-47D2-A3A1-E4BA8F7B48BA}.Release|Any CPU.Build.0 = Release|Any CPU
		{0BB96381-0035-42A6-A74E-7E065C794586}.Debug|Any CPU.ActiveCfg = Debug|Any CPU
		{0BB96381-0035-42A6-A74E-7E065C794586}.Debug|Any CPU.Build.0 = Debug|Any CPU
		{0BB96381-0035-42A6-A74E-7E065C794586}.Release|Any CPU.ActiveCfg = Release|Any CPU
		{0BB96381-0035-42A6-A74E-7E065C794586}.Release|Any CPU.Build.0 = Release|Any CPU
		{A3DC36C9-B7C4-4828-A3A3-648324176951}.Debug|Any CPU.ActiveCfg = Debug|Any CPU
		{A3DC36C9-B7C4-4828-A3A3-648324176951}.Debug|Any CPU.Build.0 = Debug|Any CPU
		{A3DC36C9-B7C4-4828-A3A3-648324176951}.Release|Any CPU.ActiveCfg = Release|Any CPU
		{A3DC36C9-B7C4-4828-A3A3-648324176951}.Release|Any CPU.Build.0 = Release|Any CPU
		{589FBB17-4FEF-4EB7-B554-3AF56AFE80B9}.Debug|Any CPU.ActiveCfg = Debug|Any CPU
		{589FBB17-4FEF-4EB7-B554-3AF56AFE80B9}.Debug|Any CPU.Build.0 = Debug|Any CPU
		{589FBB17-4FEF-4EB7-B554-3AF56AFE80B9}.Release|Any CPU.ActiveCfg = Release|Any CPU
		{589FBB17-4FEF-4EB7-B554-3AF56AFE80B9}.Release|Any CPU.Build.0 = Release|Any CPU
		{2E67BFB3-8722-4A3A-B9AF-CC3EFDCEEB41}.Debug|Any CPU.ActiveCfg = Debug|Any CPU
		{2E67BFB3-8722-4A3A-B9AF-CC3EFDCEEB41}.Debug|Any CPU.Build.0 = Debug|Any CPU
		{2E67BFB3-8722-4A3A-B9AF-CC3EFDCEEB41}.Release|Any CPU.ActiveCfg = Release|Any CPU
		{2E67BFB3-8722-4A3A-B9AF-CC3EFDCEEB41}.Release|Any CPU.Build.0 = Release|Any CPU
		{CEC9B4A9-0FDB-4C1A-B270-E0D4E0C55478}.Debug|Any CPU.ActiveCfg = Debug|Any CPU
		{CEC9B4A9-0FDB-4C1A-B270-E0D4E0C55478}.Debug|Any CPU.Build.0 = Debug|Any CPU
		{CEC9B4A9-0FDB-4C1A-B270-E0D4E0C55478}.Release|Any CPU.ActiveCfg = Release|Any CPU
		{CEC9B4A9-0FDB-4C1A-B270-E0D4E0C55478}.Release|Any CPU.Build.0 = Release|Any CPU
		{41606D00-69E0-41EF-BF7C-6D4C15C4CE51}.Debug|Any CPU.ActiveCfg = Debug|Any CPU
		{41606D00-69E0-41EF-BF7C-6D4C15C4CE51}.Debug|Any CPU.Build.0 = Debug|Any CPU
		{41606D00-69E0-41EF-BF7C-6D4C15C4CE51}.Release|Any CPU.ActiveCfg = Release|Any CPU
		{41606D00-69E0-41EF-BF7C-6D4C15C4CE51}.Release|Any CPU.Build.0 = Release|Any CPU
		{F21B9D38-3D00-4470-9B8D-A0C6B790853F}.Debug|Any CPU.ActiveCfg = Debug|Any CPU
		{F21B9D38-3D00-4470-9B8D-A0C6B790853F}.Debug|Any CPU.Build.0 = Debug|Any CPU
		{F21B9D38-3D00-4470-9B8D-A0C6B790853F}.Release|Any CPU.ActiveCfg = Release|Any CPU
		{F21B9D38-3D00-4470-9B8D-A0C6B790853F}.Release|Any CPU.Build.0 = Release|Any CPU
		{CE6911B1-0C4E-4CD0-AA9D-8A2046805726}.Debug|Any CPU.ActiveCfg = Debug|Any CPU
		{CE6911B1-0C4E-4CD0-AA9D-8A2046805726}.Debug|Any CPU.Build.0 = Debug|Any CPU
		{CE6911B1-0C4E-4CD0-AA9D-8A2046805726}.Release|Any CPU.ActiveCfg = Release|Any CPU
		{CE6911B1-0C4E-4CD0-AA9D-8A2046805726}.Release|Any CPU.Build.0 = Release|Any CPU
		{9B68D094-F9E8-40EE-8C61-BBA23680A83A}.Debug|Any CPU.ActiveCfg = Debug|Any CPU
		{9B68D094-F9E8-40EE-8C61-BBA23680A83A}.Debug|Any CPU.Build.0 = Debug|Any CPU
		{9B68D094-F9E8-40EE-8C61-BBA23680A83A}.Release|Any CPU.ActiveCfg = Release|Any CPU
		{9B68D094-F9E8-40EE-8C61-BBA23680A83A}.Release|Any CPU.Build.0 = Release|Any CPU
		{88B9C6A7-5FDD-4499-8333-51934748C454}.Debug|Any CPU.ActiveCfg = Debug|Any CPU
		{88B9C6A7-5FDD-4499-8333-51934748C454}.Debug|Any CPU.Build.0 = Debug|Any CPU
		{88B9C6A7-5FDD-4499-8333-51934748C454}.Release|Any CPU.ActiveCfg = Release|Any CPU
		{88B9C6A7-5FDD-4499-8333-51934748C454}.Release|Any CPU.Build.0 = Release|Any CPU
		{EF46E334-9AC1-4DCA-BB21-910032A0B08A}.Debug|Any CPU.ActiveCfg = Debug|Any CPU
		{EF46E334-9AC1-4DCA-BB21-910032A0B08A}.Debug|Any CPU.Build.0 = Debug|Any CPU
		{EF46E334-9AC1-4DCA-BB21-910032A0B08A}.Release|Any CPU.ActiveCfg = Release|Any CPU
		{EF46E334-9AC1-4DCA-BB21-910032A0B08A}.Release|Any CPU.Build.0 = Release|Any CPU
	EndGlobalSection
	GlobalSection(SolutionProperties) = preSolution
		HideSolutionNode = FALSE
	EndGlobalSection
	GlobalSection(NestedProjects) = preSolution
		{A3DC36C9-B7C4-4828-A3A3-648324176951} = {62039CD7-57BC-413A-AC2F-920228ACC899}
		{589FBB17-4FEF-4EB7-B554-3AF56AFE80B9} = {62039CD7-57BC-413A-AC2F-920228ACC899}
		{2E67BFB3-8722-4A3A-B9AF-CC3EFDCEEB41} = {076BB134-8D5E-442E-80EB-BD5EF629D524}
		{CEC9B4A9-0FDB-4C1A-B270-E0D4E0C55478} = {076BB134-8D5E-442E-80EB-BD5EF629D524}
		{41606D00-69E0-41EF-BF7C-6D4C15C4CE51} = {076BB134-8D5E-442E-80EB-BD5EF629D524}
		{F21B9D38-3D00-4470-9B8D-A0C6B790853F} = {3C601546-1E83-4D21-BD31-E10BC3B8A901}
		{CE6911B1-0C4E-4CD0-AA9D-8A2046805726} = {3C601546-1E83-4D21-BD31-E10BC3B8A901}
		{9B68D094-F9E8-40EE-8C61-BBA23680A83A} = {70CB6808-958B-481E-A949-889BC58EDAD6}
		{88B9C6A7-5FDD-4499-8333-51934748C454} = {70CB6808-958B-481E-A949-889BC58EDAD6}
		{EF46E334-9AC1-4DCA-BB21-910032A0B08A} = {70CB6808-958B-481E-A949-889BC58EDAD6}
	EndGlobalSection
	GlobalSection(ExtensibilityGlobals) = postSolution
		SolutionGuid = {4E866B8D-C618-42F8-AC8C-0BB7054489C3}
	EndGlobalSection
EndGlobal
