
Microsoft Visual Studio Solution File, Format Version 12.00
# Visual Studio Version 17
VisualStudioVersion = 17.8.34525.116
MinimumVisualStudioVersion = 10.0.40219.1
Project("{9A19103F-16F7-4668-BE54-9A1E7A4F7556}") = "Study.Labs.Lab02", "Study.Labs.Lab02\Study.Labs.Lab02.csproj", "{26A3A2C8-47A6-423A-B0FF-67FADA7325F0}"
EndProject
Project("{9A19103F-16F7-4668-BE54-9A1E7A4F7556}") = "Study.Labs.Lab03", "Study.Labs.Lab03\Study.Labs.Lab03.csproj", "{FFF0F9ED-3D7D-4149-B410-01D6E9985EDB}"
EndProject
Project("{9A19103F-16F7-4668-BE54-9A1E7A4F7556}") = "Study.Labs.Lab01", "..\Study.Labs.Lab01\Study.Labs.Lab01\Study.Labs.Lab01.csproj", "{2408E4A2-7AC6-4CE1-8D86-49C1AE0FA4DD}"
EndProject
Global
	GlobalSection(SolutionConfigurationPlatforms) = preSolution
		Debug|Any CPU = Debug|Any CPU
		Release|Any CPU = Release|Any CPU
	EndGlobalSection
	GlobalSection(ProjectConfigurationPlatforms) = postSolution
		{26A3A2C8-47A6-423A-B0FF-67FADA7325F0}.Debug|Any CPU.ActiveCfg = Debug|Any CPU
		{26A3A2C8-47A6-423A-B0FF-67FADA7325F0}.Debug|Any CPU.Build.0 = Debug|Any CPU
		{26A3A2C8-47A6-423A-B0FF-67FADA7325F0}.Release|Any CPU.ActiveCfg = Release|Any CPU
		{26A3A2C8-47A6-423A-B0FF-67FADA7325F0}.Release|Any CPU.Build.0 = Release|Any CPU
		{FFF0F9ED-3D7D-4149-B410-01D6E9985EDB}.Debug|Any CPU.ActiveCfg = Debug|Any CPU
		{FFF0F9ED-3D7D-4149-B410-01D6E9985EDB}.Debug|Any CPU.Build.0 = Debug|Any CPU
		{FFF0F9ED-3D7D-4149-B410-01D6E9985EDB}.Release|Any CPU.ActiveCfg = Release|Any CPU
		{FFF0F9ED-3D7D-4149-B410-01D6E9985EDB}.Release|Any CPU.Build.0 = Release|Any CPU
		{2408E4A2-7AC6-4CE1-8D86-49C1AE0FA4DD}.Debug|Any CPU.ActiveCfg = Debug|Any CPU
		{2408E4A2-7AC6-4CE1-8D86-49C1AE0FA4DD}.Debug|Any CPU.Build.0 = Debug|Any CPU
		{2408E4A2-7AC6-4CE1-8D86-49C1AE0FA4DD}.Release|Any CPU.ActiveCfg = Release|Any CPU
		{2408E4A2-7AC6-4CE1-8D86-49C1AE0FA4DD}.Release|Any CPU.Build.0 = Release|Any CPU
	EndGlobalSection
	GlobalSection(SolutionProperties) = preSolution
		HideSolutionNode = FALSE
	EndGlobalSection
	GlobalSection(ExtensibilityGlobals) = postSolution
		SolutionGuid = {4E866B8D-C618-42F8-AC8C-0BB7054489C3}
	EndGlobalSection
EndGlobal
